
Microsoft Visual Studio Solution File, Format Version 12.00
# Visual Studio Version 17
VisualStudioVersion = 17.12.35707.178
MinimumVisualStudioVersion = 15.0.26124.0
Project("{FAE04EC0-301F-11D3-BF4B-00C04F79EFBC}") = "EimaAws", "EimaAws\EimaAws.csproj", "{F41A3257-E6CD-40E5-A003-78397AAD782C}"
EndProject
Project("{2150E333-8FDC-42A3-9474-1A3956D46DE8}") = "LambdaFunctions", "LambdaFunctions", "{0CB9486D-9E07-4224-84AF-858148A1B5F2}"
EndProject
Project("{FAE04EC0-301F-11D3-BF4B-00C04F79EFBC}") = "HelloLambdas", "HelloLambda\HelloLambdas.csproj", "{9B97A647-BAD3-40A8-B93E-B80B9A056B3A}"
EndProject
Project("{FAE04EC0-301F-11D3-BF4B-00C04F79EFBC}") = "HelloLambda.Tests", "HelloLambda.Tests\HelloLambda.Tests.csproj", "{D0DFB8C3-FA29-4D19-9FAD-19B11503107D}"
EndProject
Project("{2150E333-8FDC-42A3-9474-1A3956D46DE8}") = "TestConsoleApps", "TestConsoleApps", "{9D710610-AF30-4976-ACA3-0D258D974B5C}"
EndProject
Project("{FAE04EC0-301F-11D3-BF4B-00C04F79EFBC}") = "LambdaTestConsoleApp", "LambdaTestConsoleApp\LambdaTestConsoleApp.csproj", "{0A089931-52A7-4169-8C64-832B81CEEBAD}"
EndProject
Project("{FAE04EC0-301F-11D3-BF4B-00C04F79EFBC}") = "DynamoDbTestConsoleApp", "DynamoDbTestConsoleApp\DynamoDbTestConsoleApp.csproj", "{17C9C165-F125-4B14-9C1D-D26C7B51CEBB}"
EndProject
Project("{2150E333-8FDC-42A3-9474-1A3956D46DE8}") = "Services", "Services", "{2E0C3899-2C24-49AB-B24A-23EB77F183B3}"
EndProject
Project("{FAE04EC0-301F-11D3-BF4B-00C04F79EFBC}") = "S3TestConsoleApp", "S3TestConsoleApp\S3TestConsoleApp.csproj", "{582C133A-DAB1-4B2C-8B0E-1FB292DB76A9}"
EndProject
Project("{FAE04EC0-301F-11D3-BF4B-00C04F79EFBC}") = "Eima.ConfigurationServices", "Eima.ConfigurationServices\Eima.ConfigurationServices.csproj", "{20448543-E4DF-423F-AF43-1D10D34B6E91}"
EndProject
Project("{FAE04EC0-301F-11D3-BF4B-00C04F79EFBC}") = "BaseTestConsoleApp", "BaseTestConsoleApp\BaseTestConsoleApp.csproj", "{6B5CEB34-2D04-4E16-84F3-480CD7C7FC6E}"
EndProject
Project("{FAE04EC0-301F-11D3-BF4B-00C04F79EFBC}") = "ProjectLambdas", "ProjectLambdas\ProjectLambdas.csproj", "{BF15CB41-ADD7-4048-9C1B-A37CE4AE9746}"
EndProject
Project("{FAE04EC0-301F-11D3-BF4B-00C04F79EFBC}") = "ProjectLambdas.Tests", "ProjectLambdas.Tests\ProjectLambdas.Tests.csproj", "{B6EAA074-B1C3-4C02-B9AA-06981B99DBCA}"
EndProject
Project("{FAE04EC0-301F-11D3-BF4B-00C04F79EFBC}") = "ConfigurationLambdas", "ConfigurationLambdas\ConfigurationLambdas.csproj", "{CEF6515C-2764-47BC-9204-6C4486BA7F1D}"
EndProject
Project("{FAE04EC0-301F-11D3-BF4B-00C04F79EFBC}") = "ConfigurationLambdas.Tests", "ConfigurationLambdas.Tests\ConfigurationLambdas.Tests.csproj", "{82585B08-32D6-4171-A83B-549BA874B101}"
EndProject
Project("{FAE04EC0-301F-11D3-BF4B-00C04F79EFBC}") = "CounterLambdas", "CounterLambdas\CounterLambdas.csproj", "{BA1187C7-35DA-47DD-A2BC-2C8B2667088D}"
EndProject
Project("{FAE04EC0-301F-11D3-BF4B-00C04F79EFBC}") = "CounterLambdas.Tests", "CounterLambdas.Tests\CounterLambdas.Tests.csproj", "{6CCECF9E-2F6D-4695-A8D2-F15A3CCA01C6}"
EndProject
Project("{FAE04EC0-301F-11D3-BF4B-00C04F79EFBC}") = "Eima.CounterServices", "Eima.CounterServices\Eima.CounterServices.csproj", "{E9AC9AAB-C035-42DF-95C3-035E8A1C03CC}"
EndProject
Project("{FAE04EC0-301F-11D3-BF4B-00C04F79EFBC}") = "Eima.CounterServicesTests", "Eima.CounterServicesTests\Eima.CounterServicesTests.csproj", "{3C395D0F-C818-4C88-B2B0-6CD9695366EA}"
EndProject
Project("{FAE04EC0-301F-11D3-BF4B-00C04F79EFBC}") = "AuthenticationLambdas", "AuthenticationLambdas\AuthenticationLambdas.csproj", "{AC97DF4F-958A-4F1F-818B-E15A103F7A66}"
EndProject
Project("{FAE04EC0-301F-11D3-BF4B-00C04F79EFBC}") = "AuthenticationLambdas.Tests", "AuthenticationLambdas.Tests\AuthenticationLambdas.Tests.csproj", "{ACF3F13C-DBDD-4B66-8562-3FAA4DE3DDC4}"
EndProject
Project("{FAE04EC0-301F-11D3-BF4B-00C04F79EFBC}") = "BaseHttpLambda", "BaseHttpLambda\BaseHttpLambda.csproj", "{D3494AC5-8FCB-497C-8ECD-E6506B27FFE1}"
EndProject
Project("{FAE04EC0-301F-11D3-BF4B-00C04F79EFBC}") = "UtilityLambdas", "UtilityLambdas\UtilityLambdas.csproj", "{DBB0FE7D-7237-4E39-ACDE-79752951A5DB}"
EndProject
Project("{FAE04EC0-301F-11D3-BF4B-00C04F79EFBC}") = "UtilityLambdas.Tests", "UtilityLambdas.Tests\UtilityLambdas.Tests.csproj", "{9F3DB4E6-D676-4E1C-B0C0-977503523F46}"
EndProject
Project("{FAE04EC0-301F-11D3-BF4B-00C04F79EFBC}") = "Eima.AuthenticationServices", "Eima.AuthenticationServices\Eima.AuthenticationServices.csproj", "{9DEB0420-EDD3-4CB8-B892-FEBDF0B73171}"
EndProject
Project("{FAE04EC0-301F-11D3-BF4B-00C04F79EFBC}") = "Eima.AuthenticationServicesTests", "Eima.AuthenticationServicesTests\Eima.AuthenticationServicesTests.csproj", "{350DEA1D-458F-422C-955D-A2B97B2D544B}"
EndProject
Project("{FAE04EC0-301F-11D3-BF4B-00C04F79EFBC}") = "Eima.DataServices", "Eima.DataServices\Eima.DataServices.csproj", "{4D2024D2-DE38-4F94-9631-28822F2C836A}"
EndProject
Project("{FAE04EC0-301F-11D3-BF4B-00C04F79EFBC}") = "Eima.DataServicesTests", "Eima.DataServicesTests\Eima.DataServicesTests.csproj", "{F6357EDD-55E5-4857-A48B-7DA07E3062D0}"
EndProject
Project("{FAE04EC0-301F-11D3-BF4B-00C04F79EFBC}") = "Eima.AppUserServices", "Eima.AppUserServices\Eima.AppUserServices.csproj", "{A7364AC8-A59C-4207-B021-D3E547CD57BF}"
EndProject
Global
	GlobalSection(SolutionConfigurationPlatforms) = preSolution
		Debug|Any CPU = Debug|Any CPU
		Debug|x64 = Debug|x64
		Debug|x86 = Debug|x86
		Release|Any CPU = Release|Any CPU
		Release|x64 = Release|x64
		Release|x86 = Release|x86
	EndGlobalSection
	GlobalSection(ProjectConfigurationPlatforms) = postSolution
		{F41A3257-E6CD-40E5-A003-78397AAD782C}.Debug|Any CPU.ActiveCfg = Debug|Any CPU
		{F41A3257-E6CD-40E5-A003-78397AAD782C}.Debug|Any CPU.Build.0 = Debug|Any CPU
		{F41A3257-E6CD-40E5-A003-78397AAD782C}.Debug|x64.ActiveCfg = Debug|Any CPU
		{F41A3257-E6CD-40E5-A003-78397AAD782C}.Debug|x64.Build.0 = Debug|Any CPU
		{F41A3257-E6CD-40E5-A003-78397AAD782C}.Debug|x86.ActiveCfg = Debug|Any CPU
		{F41A3257-E6CD-40E5-A003-78397AAD782C}.Debug|x86.Build.0 = Debug|Any CPU
		{F41A3257-E6CD-40E5-A003-78397AAD782C}.Release|Any CPU.ActiveCfg = Release|Any CPU
		{F41A3257-E6CD-40E5-A003-78397AAD782C}.Release|Any CPU.Build.0 = Release|Any CPU
		{F41A3257-E6CD-40E5-A003-78397AAD782C}.Release|x64.ActiveCfg = Release|Any CPU
		{F41A3257-E6CD-40E5-A003-78397AAD782C}.Release|x64.Build.0 = Release|Any CPU
		{F41A3257-E6CD-40E5-A003-78397AAD782C}.Release|x86.ActiveCfg = Release|Any CPU
		{F41A3257-E6CD-40E5-A003-78397AAD782C}.Release|x86.Build.0 = Release|Any CPU
		{9B97A647-BAD3-40A8-B93E-B80B9A056B3A}.Debug|Any CPU.ActiveCfg = Debug|Any CPU
		{9B97A647-BAD3-40A8-B93E-B80B9A056B3A}.Debug|Any CPU.Build.0 = Debug|Any CPU
		{9B97A647-BAD3-40A8-B93E-B80B9A056B3A}.Debug|x64.ActiveCfg = Debug|Any CPU
		{9B97A647-BAD3-40A8-B93E-B80B9A056B3A}.Debug|x64.Build.0 = Debug|Any CPU
		{9B97A647-BAD3-40A8-B93E-B80B9A056B3A}.Debug|x86.ActiveCfg = Debug|Any CPU
		{9B97A647-BAD3-40A8-B93E-B80B9A056B3A}.Debug|x86.Build.0 = Debug|Any CPU
		{9B97A647-BAD3-40A8-B93E-B80B9A056B3A}.Release|Any CPU.ActiveCfg = Release|Any CPU
		{9B97A647-BAD3-40A8-B93E-B80B9A056B3A}.Release|Any CPU.Build.0 = Release|Any CPU
		{9B97A647-BAD3-40A8-B93E-B80B9A056B3A}.Release|x64.ActiveCfg = Release|Any CPU
		{9B97A647-BAD3-40A8-B93E-B80B9A056B3A}.Release|x64.Build.0 = Release|Any CPU
		{9B97A647-BAD3-40A8-B93E-B80B9A056B3A}.Release|x86.ActiveCfg = Release|Any CPU
		{9B97A647-BAD3-40A8-B93E-B80B9A056B3A}.Release|x86.Build.0 = Release|Any CPU
		{D0DFB8C3-FA29-4D19-9FAD-19B11503107D}.Debug|Any CPU.ActiveCfg = Debug|Any CPU
		{D0DFB8C3-FA29-4D19-9FAD-19B11503107D}.Debug|Any CPU.Build.0 = Debug|Any CPU
		{D0DFB8C3-FA29-4D19-9FAD-19B11503107D}.Debug|x64.ActiveCfg = Debug|Any CPU
		{D0DFB8C3-FA29-4D19-9FAD-19B11503107D}.Debug|x64.Build.0 = Debug|Any CPU
		{D0DFB8C3-FA29-4D19-9FAD-19B11503107D}.Debug|x86.ActiveCfg = Debug|Any CPU
		{D0DFB8C3-FA29-4D19-9FAD-19B11503107D}.Debug|x86.Build.0 = Debug|Any CPU
		{D0DFB8C3-FA29-4D19-9FAD-19B11503107D}.Release|Any CPU.ActiveCfg = Release|Any CPU
		{D0DFB8C3-FA29-4D19-9FAD-19B11503107D}.Release|Any CPU.Build.0 = Release|Any CPU
		{D0DFB8C3-FA29-4D19-9FAD-19B11503107D}.Release|x64.ActiveCfg = Release|Any CPU
		{D0DFB8C3-FA29-4D19-9FAD-19B11503107D}.Release|x64.Build.0 = Release|Any CPU
		{D0DFB8C3-FA29-4D19-9FAD-19B11503107D}.Release|x86.ActiveCfg = Release|Any CPU
		{D0DFB8C3-FA29-4D19-9FAD-19B11503107D}.Release|x86.Build.0 = Release|Any CPU
		{0A089931-52A7-4169-8C64-832B81CEEBAD}.Debug|Any CPU.ActiveCfg = Debug|Any CPU
		{0A089931-52A7-4169-8C64-832B81CEEBAD}.Debug|Any CPU.Build.0 = Debug|Any CPU
		{0A089931-52A7-4169-8C64-832B81CEEBAD}.Debug|x64.ActiveCfg = Debug|Any CPU
		{0A089931-52A7-4169-8C64-832B81CEEBAD}.Debug|x64.Build.0 = Debug|Any CPU
		{0A089931-52A7-4169-8C64-832B81CEEBAD}.Debug|x86.ActiveCfg = Debug|Any CPU
		{0A089931-52A7-4169-8C64-832B81CEEBAD}.Debug|x86.Build.0 = Debug|Any CPU
		{0A089931-52A7-4169-8C64-832B81CEEBAD}.Release|Any CPU.ActiveCfg = Release|Any CPU
		{0A089931-52A7-4169-8C64-832B81CEEBAD}.Release|Any CPU.Build.0 = Release|Any CPU
		{0A089931-52A7-4169-8C64-832B81CEEBAD}.Release|x64.ActiveCfg = Release|Any CPU
		{0A089931-52A7-4169-8C64-832B81CEEBAD}.Release|x64.Build.0 = Release|Any CPU
		{0A089931-52A7-4169-8C64-832B81CEEBAD}.Release|x86.ActiveCfg = Release|Any CPU
		{0A089931-52A7-4169-8C64-832B81CEEBAD}.Release|x86.Build.0 = Release|Any CPU
		{17C9C165-F125-4B14-9C1D-D26C7B51CEBB}.Debug|Any CPU.ActiveCfg = Debug|Any CPU
		{17C9C165-F125-4B14-9C1D-D26C7B51CEBB}.Debug|Any CPU.Build.0 = Debug|Any CPU
		{17C9C165-F125-4B14-9C1D-D26C7B51CEBB}.Debug|x64.ActiveCfg = Debug|Any CPU
		{17C9C165-F125-4B14-9C1D-D26C7B51CEBB}.Debug|x64.Build.0 = Debug|Any CPU
		{17C9C165-F125-4B14-9C1D-D26C7B51CEBB}.Debug|x86.ActiveCfg = Debug|Any CPU
		{17C9C165-F125-4B14-9C1D-D26C7B51CEBB}.Debug|x86.Build.0 = Debug|Any CPU
		{17C9C165-F125-4B14-9C1D-D26C7B51CEBB}.Release|Any CPU.ActiveCfg = Release|Any CPU
		{17C9C165-F125-4B14-9C1D-D26C7B51CEBB}.Release|Any CPU.Build.0 = Release|Any CPU
		{17C9C165-F125-4B14-9C1D-D26C7B51CEBB}.Release|x64.ActiveCfg = Release|Any CPU
		{17C9C165-F125-4B14-9C1D-D26C7B51CEBB}.Release|x64.Build.0 = Release|Any CPU
		{17C9C165-F125-4B14-9C1D-D26C7B51CEBB}.Release|x86.ActiveCfg = Release|Any CPU
		{17C9C165-F125-4B14-9C1D-D26C7B51CEBB}.Release|x86.Build.0 = Release|Any CPU
		{582C133A-DAB1-4B2C-8B0E-1FB292DB76A9}.Debug|Any CPU.ActiveCfg = Debug|Any CPU
		{582C133A-DAB1-4B2C-8B0E-1FB292DB76A9}.Debug|Any CPU.Build.0 = Debug|Any CPU
		{582C133A-DAB1-4B2C-8B0E-1FB292DB76A9}.Debug|x64.ActiveCfg = Debug|Any CPU
		{582C133A-DAB1-4B2C-8B0E-1FB292DB76A9}.Debug|x64.Build.0 = Debug|Any CPU
		{582C133A-DAB1-4B2C-8B0E-1FB292DB76A9}.Debug|x86.ActiveCfg = Debug|Any CPU
		{582C133A-DAB1-4B2C-8B0E-1FB292DB76A9}.Debug|x86.Build.0 = Debug|Any CPU
		{582C133A-DAB1-4B2C-8B0E-1FB292DB76A9}.Release|Any CPU.ActiveCfg = Release|Any CPU
		{582C133A-DAB1-4B2C-8B0E-1FB292DB76A9}.Release|Any CPU.Build.0 = Release|Any CPU
		{582C133A-DAB1-4B2C-8B0E-1FB292DB76A9}.Release|x64.ActiveCfg = Release|Any CPU
		{582C133A-DAB1-4B2C-8B0E-1FB292DB76A9}.Release|x64.Build.0 = Release|Any CPU
		{582C133A-DAB1-4B2C-8B0E-1FB292DB76A9}.Release|x86.ActiveCfg = Release|Any CPU
		{582C133A-DAB1-4B2C-8B0E-1FB292DB76A9}.Release|x86.Build.0 = Release|Any CPU
		{20448543-E4DF-423F-AF43-1D10D34B6E91}.Debug|Any CPU.ActiveCfg = Debug|Any CPU
		{20448543-E4DF-423F-AF43-1D10D34B6E91}.Debug|Any CPU.Build.0 = Debug|Any CPU
		{20448543-E4DF-423F-AF43-1D10D34B6E91}.Debug|x64.ActiveCfg = Debug|Any CPU
		{20448543-E4DF-423F-AF43-1D10D34B6E91}.Debug|x64.Build.0 = Debug|Any CPU
		{20448543-E4DF-423F-AF43-1D10D34B6E91}.Debug|x86.ActiveCfg = Debug|Any CPU
		{20448543-E4DF-423F-AF43-1D10D34B6E91}.Debug|x86.Build.0 = Debug|Any CPU
		{20448543-E4DF-423F-AF43-1D10D34B6E91}.Release|Any CPU.ActiveCfg = Release|Any CPU
		{20448543-E4DF-423F-AF43-1D10D34B6E91}.Release|Any CPU.Build.0 = Release|Any CPU
		{20448543-E4DF-423F-AF43-1D10D34B6E91}.Release|x64.ActiveCfg = Release|Any CPU
		{20448543-E4DF-423F-AF43-1D10D34B6E91}.Release|x64.Build.0 = Release|Any CPU
		{20448543-E4DF-423F-AF43-1D10D34B6E91}.Release|x86.ActiveCfg = Release|Any CPU
		{20448543-E4DF-423F-AF43-1D10D34B6E91}.Release|x86.Build.0 = Release|Any CPU
		{6B5CEB34-2D04-4E16-84F3-480CD7C7FC6E}.Debug|Any CPU.ActiveCfg = Debug|Any CPU
		{6B5CEB34-2D04-4E16-84F3-480CD7C7FC6E}.Debug|Any CPU.Build.0 = Debug|Any CPU
		{6B5CEB34-2D04-4E16-84F3-480CD7C7FC6E}.Debug|x64.ActiveCfg = Debug|Any CPU
		{6B5CEB34-2D04-4E16-84F3-480CD7C7FC6E}.Debug|x64.Build.0 = Debug|Any CPU
		{6B5CEB34-2D04-4E16-84F3-480CD7C7FC6E}.Debug|x86.ActiveCfg = Debug|Any CPU
		{6B5CEB34-2D04-4E16-84F3-480CD7C7FC6E}.Debug|x86.Build.0 = Debug|Any CPU
		{6B5CEB34-2D04-4E16-84F3-480CD7C7FC6E}.Release|Any CPU.ActiveCfg = Release|Any CPU
		{6B5CEB34-2D04-4E16-84F3-480CD7C7FC6E}.Release|Any CPU.Build.0 = Release|Any CPU
		{6B5CEB34-2D04-4E16-84F3-480CD7C7FC6E}.Release|x64.ActiveCfg = Release|Any CPU
		{6B5CEB34-2D04-4E16-84F3-480CD7C7FC6E}.Release|x64.Build.0 = Release|Any CPU
		{6B5CEB34-2D04-4E16-84F3-480CD7C7FC6E}.Release|x86.ActiveCfg = Release|Any CPU
		{6B5CEB34-2D04-4E16-84F3-480CD7C7FC6E}.Release|x86.Build.0 = Release|Any CPU
		{BF15CB41-ADD7-4048-9C1B-A37CE4AE9746}.Debug|Any CPU.ActiveCfg = Debug|Any CPU
		{BF15CB41-ADD7-4048-9C1B-A37CE4AE9746}.Debug|Any CPU.Build.0 = Debug|Any CPU
		{BF15CB41-ADD7-4048-9C1B-A37CE4AE9746}.Debug|x64.ActiveCfg = Debug|Any CPU
		{BF15CB41-ADD7-4048-9C1B-A37CE4AE9746}.Debug|x64.Build.0 = Debug|Any CPU
		{BF15CB41-ADD7-4048-9C1B-A37CE4AE9746}.Debug|x86.ActiveCfg = Debug|Any CPU
		{BF15CB41-ADD7-4048-9C1B-A37CE4AE9746}.Debug|x86.Build.0 = Debug|Any CPU
		{BF15CB41-ADD7-4048-9C1B-A37CE4AE9746}.Release|Any CPU.ActiveCfg = Release|Any CPU
		{BF15CB41-ADD7-4048-9C1B-A37CE4AE9746}.Release|Any CPU.Build.0 = Release|Any CPU
		{BF15CB41-ADD7-4048-9C1B-A37CE4AE9746}.Release|x64.ActiveCfg = Release|Any CPU
		{BF15CB41-ADD7-4048-9C1B-A37CE4AE9746}.Release|x64.Build.0 = Release|Any CPU
		{BF15CB41-ADD7-4048-9C1B-A37CE4AE9746}.Release|x86.ActiveCfg = Release|Any CPU
		{BF15CB41-ADD7-4048-9C1B-A37CE4AE9746}.Release|x86.Build.0 = Release|Any CPU
		{B6EAA074-B1C3-4C02-B9AA-06981B99DBCA}.Debug|Any CPU.ActiveCfg = Debug|Any CPU
		{B6EAA074-B1C3-4C02-B9AA-06981B99DBCA}.Debug|Any CPU.Build.0 = Debug|Any CPU
		{B6EAA074-B1C3-4C02-B9AA-06981B99DBCA}.Debug|x64.ActiveCfg = Debug|Any CPU
		{B6EAA074-B1C3-4C02-B9AA-06981B99DBCA}.Debug|x64.Build.0 = Debug|Any CPU
		{B6EAA074-B1C3-4C02-B9AA-06981B99DBCA}.Debug|x86.ActiveCfg = Debug|Any CPU
		{B6EAA074-B1C3-4C02-B9AA-06981B99DBCA}.Debug|x86.Build.0 = Debug|Any CPU
		{B6EAA074-B1C3-4C02-B9AA-06981B99DBCA}.Release|Any CPU.ActiveCfg = Release|Any CPU
		{B6EAA074-B1C3-4C02-B9AA-06981B99DBCA}.Release|Any CPU.Build.0 = Release|Any CPU
		{B6EAA074-B1C3-4C02-B9AA-06981B99DBCA}.Release|x64.ActiveCfg = Release|Any CPU
		{B6EAA074-B1C3-4C02-B9AA-06981B99DBCA}.Release|x64.Build.0 = Release|Any CPU
		{B6EAA074-B1C3-4C02-B9AA-06981B99DBCA}.Release|x86.ActiveCfg = Release|Any CPU
		{B6EAA074-B1C3-4C02-B9AA-06981B99DBCA}.Release|x86.Build.0 = Release|Any CPU
		{CEF6515C-2764-47BC-9204-6C4486BA7F1D}.Debug|Any CPU.ActiveCfg = Debug|Any CPU
		{CEF6515C-2764-47BC-9204-6C4486BA7F1D}.Debug|Any CPU.Build.0 = Debug|Any CPU
		{CEF6515C-2764-47BC-9204-6C4486BA7F1D}.Debug|x64.ActiveCfg = Debug|Any CPU
		{CEF6515C-2764-47BC-9204-6C4486BA7F1D}.Debug|x64.Build.0 = Debug|Any CPU
		{CEF6515C-2764-47BC-9204-6C4486BA7F1D}.Debug|x86.ActiveCfg = Debug|Any CPU
		{CEF6515C-2764-47BC-9204-6C4486BA7F1D}.Debug|x86.Build.0 = Debug|Any CPU
		{CEF6515C-2764-47BC-9204-6C4486BA7F1D}.Release|Any CPU.ActiveCfg = Release|Any CPU
		{CEF6515C-2764-47BC-9204-6C4486BA7F1D}.Release|Any CPU.Build.0 = Release|Any CPU
		{CEF6515C-2764-47BC-9204-6C4486BA7F1D}.Release|x64.ActiveCfg = Release|Any CPU
		{CEF6515C-2764-47BC-9204-6C4486BA7F1D}.Release|x64.Build.0 = Release|Any CPU
		{CEF6515C-2764-47BC-9204-6C4486BA7F1D}.Release|x86.ActiveCfg = Release|Any CPU
		{CEF6515C-2764-47BC-9204-6C4486BA7F1D}.Release|x86.Build.0 = Release|Any CPU
		{82585B08-32D6-4171-A83B-549BA874B101}.Debug|Any CPU.ActiveCfg = Debug|Any CPU
		{82585B08-32D6-4171-A83B-549BA874B101}.Debug|Any CPU.Build.0 = Debug|Any CPU
		{82585B08-32D6-4171-A83B-549BA874B101}.Debug|x64.ActiveCfg = Debug|Any CPU
		{82585B08-32D6-4171-A83B-549BA874B101}.Debug|x64.Build.0 = Debug|Any CPU
		{82585B08-32D6-4171-A83B-549BA874B101}.Debug|x86.ActiveCfg = Debug|Any CPU
		{82585B08-32D6-4171-A83B-549BA874B101}.Debug|x86.Build.0 = Debug|Any CPU
		{82585B08-32D6-4171-A83B-549BA874B101}.Release|Any CPU.ActiveCfg = Release|Any CPU
		{82585B08-32D6-4171-A83B-549BA874B101}.Release|Any CPU.Build.0 = Release|Any CPU
		{82585B08-32D6-4171-A83B-549BA874B101}.Release|x64.ActiveCfg = Release|Any CPU
		{82585B08-32D6-4171-A83B-549BA874B101}.Release|x64.Build.0 = Release|Any CPU
		{82585B08-32D6-4171-A83B-549BA874B101}.Release|x86.ActiveCfg = Release|Any CPU
		{82585B08-32D6-4171-A83B-549BA874B101}.Release|x86.Build.0 = Release|Any CPU
		{BA1187C7-35DA-47DD-A2BC-2C8B2667088D}.Debug|Any CPU.ActiveCfg = Debug|Any CPU
		{BA1187C7-35DA-47DD-A2BC-2C8B2667088D}.Debug|Any CPU.Build.0 = Debug|Any CPU
		{BA1187C7-35DA-47DD-A2BC-2C8B2667088D}.Debug|x64.ActiveCfg = Debug|Any CPU
		{BA1187C7-35DA-47DD-A2BC-2C8B2667088D}.Debug|x64.Build.0 = Debug|Any CPU
		{BA1187C7-35DA-47DD-A2BC-2C8B2667088D}.Debug|x86.ActiveCfg = Debug|Any CPU
		{BA1187C7-35DA-47DD-A2BC-2C8B2667088D}.Debug|x86.Build.0 = Debug|Any CPU
		{BA1187C7-35DA-47DD-A2BC-2C8B2667088D}.Release|Any CPU.ActiveCfg = Release|Any CPU
		{BA1187C7-35DA-47DD-A2BC-2C8B2667088D}.Release|Any CPU.Build.0 = Release|Any CPU
		{BA1187C7-35DA-47DD-A2BC-2C8B2667088D}.Release|x64.ActiveCfg = Release|Any CPU
		{BA1187C7-35DA-47DD-A2BC-2C8B2667088D}.Release|x64.Build.0 = Release|Any CPU
		{BA1187C7-35DA-47DD-A2BC-2C8B2667088D}.Release|x86.ActiveCfg = Release|Any CPU
		{BA1187C7-35DA-47DD-A2BC-2C8B2667088D}.Release|x86.Build.0 = Release|Any CPU
		{6CCECF9E-2F6D-4695-A8D2-F15A3CCA01C6}.Debug|Any CPU.ActiveCfg = Debug|Any CPU
		{6CCECF9E-2F6D-4695-A8D2-F15A3CCA01C6}.Debug|Any CPU.Build.0 = Debug|Any CPU
		{6CCECF9E-2F6D-4695-A8D2-F15A3CCA01C6}.Debug|x64.ActiveCfg = Debug|Any CPU
		{6CCECF9E-2F6D-4695-A8D2-F15A3CCA01C6}.Debug|x64.Build.0 = Debug|Any CPU
		{6CCECF9E-2F6D-4695-A8D2-F15A3CCA01C6}.Debug|x86.ActiveCfg = Debug|Any CPU
		{6CCECF9E-2F6D-4695-A8D2-F15A3CCA01C6}.Debug|x86.Build.0 = Debug|Any CPU
		{6CCECF9E-2F6D-4695-A8D2-F15A3CCA01C6}.Release|Any CPU.ActiveCfg = Release|Any CPU
		{6CCECF9E-2F6D-4695-A8D2-F15A3CCA01C6}.Release|Any CPU.Build.0 = Release|Any CPU
		{6CCECF9E-2F6D-4695-A8D2-F15A3CCA01C6}.Release|x64.ActiveCfg = Release|Any CPU
		{6CCECF9E-2F6D-4695-A8D2-F15A3CCA01C6}.Release|x64.Build.0 = Release|Any CPU
		{6CCECF9E-2F6D-4695-A8D2-F15A3CCA01C6}.Release|x86.ActiveCfg = Release|Any CPU
		{6CCECF9E-2F6D-4695-A8D2-F15A3CCA01C6}.Release|x86.Build.0 = Release|Any CPU
		{E9AC9AAB-C035-42DF-95C3-035E8A1C03CC}.Debug|Any CPU.ActiveCfg = Debug|Any CPU
		{E9AC9AAB-C035-42DF-95C3-035E8A1C03CC}.Debug|Any CPU.Build.0 = Debug|Any CPU
		{E9AC9AAB-C035-42DF-95C3-035E8A1C03CC}.Debug|x64.ActiveCfg = Debug|Any CPU
		{E9AC9AAB-C035-42DF-95C3-035E8A1C03CC}.Debug|x64.Build.0 = Debug|Any CPU
		{E9AC9AAB-C035-42DF-95C3-035E8A1C03CC}.Debug|x86.ActiveCfg = Debug|Any CPU
		{E9AC9AAB-C035-42DF-95C3-035E8A1C03CC}.Debug|x86.Build.0 = Debug|Any CPU
		{E9AC9AAB-C035-42DF-95C3-035E8A1C03CC}.Release|Any CPU.ActiveCfg = Release|Any CPU
		{E9AC9AAB-C035-42DF-95C3-035E8A1C03CC}.Release|Any CPU.Build.0 = Release|Any CPU
		{E9AC9AAB-C035-42DF-95C3-035E8A1C03CC}.Release|x64.ActiveCfg = Release|Any CPU
		{E9AC9AAB-C035-42DF-95C3-035E8A1C03CC}.Release|x64.Build.0 = Release|Any CPU
		{E9AC9AAB-C035-42DF-95C3-035E8A1C03CC}.Release|x86.ActiveCfg = Release|Any CPU
		{E9AC9AAB-C035-42DF-95C3-035E8A1C03CC}.Release|x86.Build.0 = Release|Any CPU
		{3C395D0F-C818-4C88-B2B0-6CD9695366EA}.Debug|Any CPU.ActiveCfg = Debug|Any CPU
		{3C395D0F-C818-4C88-B2B0-6CD9695366EA}.Debug|Any CPU.Build.0 = Debug|Any CPU
		{3C395D0F-C818-4C88-B2B0-6CD9695366EA}.Debug|x64.ActiveCfg = Debug|Any CPU
		{3C395D0F-C818-4C88-B2B0-6CD9695366EA}.Debug|x64.Build.0 = Debug|Any CPU
		{3C395D0F-C818-4C88-B2B0-6CD9695366EA}.Debug|x86.ActiveCfg = Debug|Any CPU
		{3C395D0F-C818-4C88-B2B0-6CD9695366EA}.Debug|x86.Build.0 = Debug|Any CPU
		{3C395D0F-C818-4C88-B2B0-6CD9695366EA}.Release|Any CPU.ActiveCfg = Release|Any CPU
		{3C395D0F-C818-4C88-B2B0-6CD9695366EA}.Release|Any CPU.Build.0 = Release|Any CPU
		{3C395D0F-C818-4C88-B2B0-6CD9695366EA}.Release|x64.ActiveCfg = Release|Any CPU
		{3C395D0F-C818-4C88-B2B0-6CD9695366EA}.Release|x64.Build.0 = Release|Any CPU
		{3C395D0F-C818-4C88-B2B0-6CD9695366EA}.Release|x86.ActiveCfg = Release|Any CPU
		{3C395D0F-C818-4C88-B2B0-6CD9695366EA}.Release|x86.Build.0 = Release|Any CPU
		{AC97DF4F-958A-4F1F-818B-E15A103F7A66}.Debug|Any CPU.ActiveCfg = Debug|Any CPU
		{AC97DF4F-958A-4F1F-818B-E15A103F7A66}.Debug|Any CPU.Build.0 = Debug|Any CPU
		{AC97DF4F-958A-4F1F-818B-E15A103F7A66}.Debug|x64.ActiveCfg = Debug|Any CPU
		{AC97DF4F-958A-4F1F-818B-E15A103F7A66}.Debug|x64.Build.0 = Debug|Any CPU
		{AC97DF4F-958A-4F1F-818B-E15A103F7A66}.Debug|x86.ActiveCfg = Debug|Any CPU
		{AC97DF4F-958A-4F1F-818B-E15A103F7A66}.Debug|x86.Build.0 = Debug|Any CPU
		{AC97DF4F-958A-4F1F-818B-E15A103F7A66}.Release|Any CPU.ActiveCfg = Release|Any CPU
		{AC97DF4F-958A-4F1F-818B-E15A103F7A66}.Release|Any CPU.Build.0 = Release|Any CPU
		{AC97DF4F-958A-4F1F-818B-E15A103F7A66}.Release|x64.ActiveCfg = Release|Any CPU
		{AC97DF4F-958A-4F1F-818B-E15A103F7A66}.Release|x64.Build.0 = Release|Any CPU
		{AC97DF4F-958A-4F1F-818B-E15A103F7A66}.Release|x86.ActiveCfg = Release|Any CPU
		{AC97DF4F-958A-4F1F-818B-E15A103F7A66}.Release|x86.Build.0 = Release|Any CPU
		{ACF3F13C-DBDD-4B66-8562-3FAA4DE3DDC4}.Debug|Any CPU.ActiveCfg = Debug|Any CPU
		{ACF3F13C-DBDD-4B66-8562-3FAA4DE3DDC4}.Debug|Any CPU.Build.0 = Debug|Any CPU
		{ACF3F13C-DBDD-4B66-8562-3FAA4DE3DDC4}.Debug|x64.ActiveCfg = Debug|Any CPU
		{ACF3F13C-DBDD-4B66-8562-3FAA4DE3DDC4}.Debug|x64.Build.0 = Debug|Any CPU
		{ACF3F13C-DBDD-4B66-8562-3FAA4DE3DDC4}.Debug|x86.ActiveCfg = Debug|Any CPU
		{ACF3F13C-DBDD-4B66-8562-3FAA4DE3DDC4}.Debug|x86.Build.0 = Debug|Any CPU
		{ACF3F13C-DBDD-4B66-8562-3FAA4DE3DDC4}.Release|Any CPU.ActiveCfg = Release|Any CPU
		{ACF3F13C-DBDD-4B66-8562-3FAA4DE3DDC4}.Release|Any CPU.Build.0 = Release|Any CPU
		{ACF3F13C-DBDD-4B66-8562-3FAA4DE3DDC4}.Release|x64.ActiveCfg = Release|Any CPU
		{ACF3F13C-DBDD-4B66-8562-3FAA4DE3DDC4}.Release|x64.Build.0 = Release|Any CPU
		{ACF3F13C-DBDD-4B66-8562-3FAA4DE3DDC4}.Release|x86.ActiveCfg = Release|Any CPU
		{ACF3F13C-DBDD-4B66-8562-3FAA4DE3DDC4}.Release|x86.Build.0 = Release|Any CPU
		{D3494AC5-8FCB-497C-8ECD-E6506B27FFE1}.Debug|Any CPU.ActiveCfg = Debug|Any CPU
		{D3494AC5-8FCB-497C-8ECD-E6506B27FFE1}.Debug|Any CPU.Build.0 = Debug|Any CPU
		{D3494AC5-8FCB-497C-8ECD-E6506B27FFE1}.Debug|x64.ActiveCfg = Debug|Any CPU
		{D3494AC5-8FCB-497C-8ECD-E6506B27FFE1}.Debug|x64.Build.0 = Debug|Any CPU
		{D3494AC5-8FCB-497C-8ECD-E6506B27FFE1}.Debug|x86.ActiveCfg = Debug|Any CPU
		{D3494AC5-8FCB-497C-8ECD-E6506B27FFE1}.Debug|x86.Build.0 = Debug|Any CPU
		{D3494AC5-8FCB-497C-8ECD-E6506B27FFE1}.Release|Any CPU.ActiveCfg = Release|Any CPU
		{D3494AC5-8FCB-497C-8ECD-E6506B27FFE1}.Release|Any CPU.Build.0 = Release|Any CPU
		{D3494AC5-8FCB-497C-8ECD-E6506B27FFE1}.Release|x64.ActiveCfg = Release|Any CPU
		{D3494AC5-8FCB-497C-8ECD-E6506B27FFE1}.Release|x64.Build.0 = Release|Any CPU
		{D3494AC5-8FCB-497C-8ECD-E6506B27FFE1}.Release|x86.ActiveCfg = Release|Any CPU
		{D3494AC5-8FCB-497C-8ECD-E6506B27FFE1}.Release|x86.Build.0 = Release|Any CPU
		{DBB0FE7D-7237-4E39-ACDE-79752951A5DB}.Debug|Any CPU.ActiveCfg = Debug|Any CPU
		{DBB0FE7D-7237-4E39-ACDE-79752951A5DB}.Debug|Any CPU.Build.0 = Debug|Any CPU
		{DBB0FE7D-7237-4E39-ACDE-79752951A5DB}.Debug|x64.ActiveCfg = Debug|Any CPU
		{DBB0FE7D-7237-4E39-ACDE-79752951A5DB}.Debug|x64.Build.0 = Debug|Any CPU
		{DBB0FE7D-7237-4E39-ACDE-79752951A5DB}.Debug|x86.ActiveCfg = Debug|Any CPU
		{DBB0FE7D-7237-4E39-ACDE-79752951A5DB}.Debug|x86.Build.0 = Debug|Any CPU
		{DBB0FE7D-7237-4E39-ACDE-79752951A5DB}.Release|Any CPU.ActiveCfg = Release|Any CPU
		{DBB0FE7D-7237-4E39-ACDE-79752951A5DB}.Release|Any CPU.Build.0 = Release|Any CPU
		{DBB0FE7D-7237-4E39-ACDE-79752951A5DB}.Release|x64.ActiveCfg = Release|Any CPU
		{DBB0FE7D-7237-4E39-ACDE-79752951A5DB}.Release|x64.Build.0 = Release|Any CPU
		{DBB0FE7D-7237-4E39-ACDE-79752951A5DB}.Release|x86.ActiveCfg = Release|Any CPU
		{DBB0FE7D-7237-4E39-ACDE-79752951A5DB}.Release|x86.Build.0 = Release|Any CPU
		{9F3DB4E6-D676-4E1C-B0C0-977503523F46}.Debug|Any CPU.ActiveCfg = Debug|Any CPU
		{9F3DB4E6-D676-4E1C-B0C0-977503523F46}.Debug|Any CPU.Build.0 = Debug|Any CPU
		{9F3DB4E6-D676-4E1C-B0C0-977503523F46}.Debug|x64.ActiveCfg = Debug|Any CPU
		{9F3DB4E6-D676-4E1C-B0C0-977503523F46}.Debug|x64.Build.0 = Debug|Any CPU
		{9F3DB4E6-D676-4E1C-B0C0-977503523F46}.Debug|x86.ActiveCfg = Debug|Any CPU
		{9F3DB4E6-D676-4E1C-B0C0-977503523F46}.Debug|x86.Build.0 = Debug|Any CPU
		{9F3DB4E6-D676-4E1C-B0C0-977503523F46}.Release|Any CPU.ActiveCfg = Release|Any CPU
		{9F3DB4E6-D676-4E1C-B0C0-977503523F46}.Release|Any CPU.Build.0 = Release|Any CPU
		{9F3DB4E6-D676-4E1C-B0C0-977503523F46}.Release|x64.ActiveCfg = Release|Any CPU
		{9F3DB4E6-D676-4E1C-B0C0-977503523F46}.Release|x64.Build.0 = Release|Any CPU
		{9F3DB4E6-D676-4E1C-B0C0-977503523F46}.Release|x86.ActiveCfg = Release|Any CPU
		{9F3DB4E6-D676-4E1C-B0C0-977503523F46}.Release|x86.Build.0 = Release|Any CPU
		{9DEB0420-EDD3-4CB8-B892-FEBDF0B73171}.Debug|Any CPU.ActiveCfg = Debug|Any CPU
		{9DEB0420-EDD3-4CB8-B892-FEBDF0B73171}.Debug|Any CPU.Build.0 = Debug|Any CPU
		{9DEB0420-EDD3-4CB8-B892-FEBDF0B73171}.Debug|x64.ActiveCfg = Debug|Any CPU
		{9DEB0420-EDD3-4CB8-B892-FEBDF0B73171}.Debug|x64.Build.0 = Debug|Any CPU
		{9DEB0420-EDD3-4CB8-B892-FEBDF0B73171}.Debug|x86.ActiveCfg = Debug|Any CPU
		{9DEB0420-EDD3-4CB8-B892-FEBDF0B73171}.Debug|x86.Build.0 = Debug|Any CPU
		{9DEB0420-EDD3-4CB8-B892-FEBDF0B73171}.Release|Any CPU.ActiveCfg = Release|Any CPU
		{9DEB0420-EDD3-4CB8-B892-FEBDF0B73171}.Release|Any CPU.Build.0 = Release|Any CPU
		{9DEB0420-EDD3-4CB8-B892-FEBDF0B73171}.Release|x64.ActiveCfg = Release|Any CPU
		{9DEB0420-EDD3-4CB8-B892-FEBDF0B73171}.Release|x64.Build.0 = Release|Any CPU
		{9DEB0420-EDD3-4CB8-B892-FEBDF0B73171}.Release|x86.ActiveCfg = Release|Any CPU
		{9DEB0420-EDD3-4CB8-B892-FEBDF0B73171}.Release|x86.Build.0 = Release|Any CPU
		{350DEA1D-458F-422C-955D-A2B97B2D544B}.Debug|Any CPU.ActiveCfg = Debug|Any CPU
		{350DEA1D-458F-422C-955D-A2B97B2D544B}.Debug|Any CPU.Build.0 = Debug|Any CPU
		{350DEA1D-458F-422C-955D-A2B97B2D544B}.Debug|x64.ActiveCfg = Debug|Any CPU
		{350DEA1D-458F-422C-955D-A2B97B2D544B}.Debug|x64.Build.0 = Debug|Any CPU
		{350DEA1D-458F-422C-955D-A2B97B2D544B}.Debug|x86.ActiveCfg = Debug|Any CPU
		{350DEA1D-458F-422C-955D-A2B97B2D544B}.Debug|x86.Build.0 = Debug|Any CPU
		{350DEA1D-458F-422C-955D-A2B97B2D544B}.Release|Any CPU.ActiveCfg = Release|Any CPU
		{350DEA1D-458F-422C-955D-A2B97B2D544B}.Release|Any CPU.Build.0 = Release|Any CPU
		{350DEA1D-458F-422C-955D-A2B97B2D544B}.Release|x64.ActiveCfg = Release|Any CPU
		{350DEA1D-458F-422C-955D-A2B97B2D544B}.Release|x64.Build.0 = Release|Any CPU
		{350DEA1D-458F-422C-955D-A2B97B2D544B}.Release|x86.ActiveCfg = Release|Any CPU
		{350DEA1D-458F-422C-955D-A2B97B2D544B}.Release|x86.Build.0 = Release|Any CPU
		{4D2024D2-DE38-4F94-9631-28822F2C836A}.Debug|Any CPU.ActiveCfg = Debug|Any CPU
		{4D2024D2-DE38-4F94-9631-28822F2C836A}.Debug|Any CPU.Build.0 = Debug|Any CPU
		{4D2024D2-DE38-4F94-9631-28822F2C836A}.Debug|x64.ActiveCfg = Debug|Any CPU
		{4D2024D2-DE38-4F94-9631-28822F2C836A}.Debug|x64.Build.0 = Debug|Any CPU
		{4D2024D2-DE38-4F94-9631-28822F2C836A}.Debug|x86.ActiveCfg = Debug|Any CPU
		{4D2024D2-DE38-4F94-9631-28822F2C836A}.Debug|x86.Build.0 = Debug|Any CPU
		{4D2024D2-DE38-4F94-9631-28822F2C836A}.Release|Any CPU.ActiveCfg = Release|Any CPU
		{4D2024D2-DE38-4F94-9631-28822F2C836A}.Release|Any CPU.Build.0 = Release|Any CPU
		{4D2024D2-DE38-4F94-9631-28822F2C836A}.Release|x64.ActiveCfg = Release|Any CPU
		{4D2024D2-DE38-4F94-9631-28822F2C836A}.Release|x64.Build.0 = Release|Any CPU
		{4D2024D2-DE38-4F94-9631-28822F2C836A}.Release|x86.ActiveCfg = Release|Any CPU
		{4D2024D2-DE38-4F94-9631-28822F2C836A}.Release|x86.Build.0 = Release|Any CPU
		{F6357EDD-55E5-4857-A48B-7DA07E3062D0}.Debug|Any CPU.ActiveCfg = Debug|Any CPU
		{F6357EDD-55E5-4857-A48B-7DA07E3062D0}.Debug|Any CPU.Build.0 = Debug|Any CPU
		{F6357EDD-55E5-4857-A48B-7DA07E3062D0}.Debug|x64.ActiveCfg = Debug|Any CPU
		{F6357EDD-55E5-4857-A48B-7DA07E3062D0}.Debug|x64.Build.0 = Debug|Any CPU
		{F6357EDD-55E5-4857-A48B-7DA07E3062D0}.Debug|x86.ActiveCfg = Debug|Any CPU
		{F6357EDD-55E5-4857-A48B-7DA07E3062D0}.Debug|x86.Build.0 = Debug|Any CPU
		{F6357EDD-55E5-4857-A48B-7DA07E3062D0}.Release|Any CPU.ActiveCfg = Release|Any CPU
		{F6357EDD-55E5-4857-A48B-7DA07E3062D0}.Release|Any CPU.Build.0 = Release|Any CPU
		{F6357EDD-55E5-4857-A48B-7DA07E3062D0}.Release|x64.ActiveCfg = Release|Any CPU
		{F6357EDD-55E5-4857-A48B-7DA07E3062D0}.Release|x64.Build.0 = Release|Any CPU
		{F6357EDD-55E5-4857-A48B-7DA07E3062D0}.Release|x86.ActiveCfg = Release|Any CPU
		{F6357EDD-55E5-4857-A48B-7DA07E3062D0}.Release|x86.Build.0 = Release|Any CPU
		{A7364AC8-A59C-4207-B021-D3E547CD57BF}.Debug|Any CPU.ActiveCfg = Debug|Any CPU
		{A7364AC8-A59C-4207-B021-D3E547CD57BF}.Debug|Any CPU.Build.0 = Debug|Any CPU
		{A7364AC8-A59C-4207-B021-D3E547CD57BF}.Debug|x64.ActiveCfg = Debug|Any CPU
		{A7364AC8-A59C-4207-B021-D3E547CD57BF}.Debug|x64.Build.0 = Debug|Any CPU
		{A7364AC8-A59C-4207-B021-D3E547CD57BF}.Debug|x86.ActiveCfg = Debug|Any CPU
		{A7364AC8-A59C-4207-B021-D3E547CD57BF}.Debug|x86.Build.0 = Debug|Any CPU
		{A7364AC8-A59C-4207-B021-D3E547CD57BF}.Release|Any CPU.ActiveCfg = Release|Any CPU
		{A7364AC8-A59C-4207-B021-D3E547CD57BF}.Release|Any CPU.Build.0 = Release|Any CPU
		{A7364AC8-A59C-4207-B021-D3E547CD57BF}.Release|x64.ActiveCfg = Release|Any CPU
		{A7364AC8-A59C-4207-B021-D3E547CD57BF}.Release|x64.Build.0 = Release|Any CPU
		{A7364AC8-A59C-4207-B021-D3E547CD57BF}.Release|x86.ActiveCfg = Release|Any CPU
		{A7364AC8-A59C-4207-B021-D3E547CD57BF}.Release|x86.Build.0 = Release|Any CPU
	EndGlobalSection
	GlobalSection(SolutionProperties) = preSolution
		HideSolutionNode = FALSE
	EndGlobalSection
	GlobalSection(NestedProjects) = preSolution
		{9B97A647-BAD3-40A8-B93E-B80B9A056B3A} = {0CB9486D-9E07-4224-84AF-858148A1B5F2}
		{D0DFB8C3-FA29-4D19-9FAD-19B11503107D} = {0CB9486D-9E07-4224-84AF-858148A1B5F2}
		{0A089931-52A7-4169-8C64-832B81CEEBAD} = {9D710610-AF30-4976-ACA3-0D258D974B5C}
		{17C9C165-F125-4B14-9C1D-D26C7B51CEBB} = {9D710610-AF30-4976-ACA3-0D258D974B5C}
		{582C133A-DAB1-4B2C-8B0E-1FB292DB76A9} = {9D710610-AF30-4976-ACA3-0D258D974B5C}
		{20448543-E4DF-423F-AF43-1D10D34B6E91} = {2E0C3899-2C24-49AB-B24A-23EB77F183B3}
		{6B5CEB34-2D04-4E16-84F3-480CD7C7FC6E} = {9D710610-AF30-4976-ACA3-0D258D974B5C}
		{BF15CB41-ADD7-4048-9C1B-A37CE4AE9746} = {0CB9486D-9E07-4224-84AF-858148A1B5F2}
		{B6EAA074-B1C3-4C02-B9AA-06981B99DBCA} = {0CB9486D-9E07-4224-84AF-858148A1B5F2}
		{CEF6515C-2764-47BC-9204-6C4486BA7F1D} = {0CB9486D-9E07-4224-84AF-858148A1B5F2}
		{82585B08-32D6-4171-A83B-549BA874B101} = {0CB9486D-9E07-4224-84AF-858148A1B5F2}
		{BA1187C7-35DA-47DD-A2BC-2C8B2667088D} = {0CB9486D-9E07-4224-84AF-858148A1B5F2}
		{6CCECF9E-2F6D-4695-A8D2-F15A3CCA01C6} = {0CB9486D-9E07-4224-84AF-858148A1B5F2}
		{E9AC9AAB-C035-42DF-95C3-035E8A1C03CC} = {2E0C3899-2C24-49AB-B24A-23EB77F183B3}
		{3C395D0F-C818-4C88-B2B0-6CD9695366EA} = {2E0C3899-2C24-49AB-B24A-23EB77F183B3}
		{AC97DF4F-958A-4F1F-818B-E15A103F7A66} = {0CB9486D-9E07-4224-84AF-858148A1B5F2}
		{ACF3F13C-DBDD-4B66-8562-3FAA4DE3DDC4} = {0CB9486D-9E07-4224-84AF-858148A1B5F2}
		{D3494AC5-8FCB-497C-8ECD-E6506B27FFE1} = {0CB9486D-9E07-4224-84AF-858148A1B5F2}
		{DBB0FE7D-7237-4E39-ACDE-79752951A5DB} = {0CB9486D-9E07-4224-84AF-858148A1B5F2}
		{9F3DB4E6-D676-4E1C-B0C0-977503523F46} = {0CB9486D-9E07-4224-84AF-858148A1B5F2}
		{9DEB0420-EDD3-4CB8-B892-FEBDF0B73171} = {2E0C3899-2C24-49AB-B24A-23EB77F183B3}
		{350DEA1D-458F-422C-955D-A2B97B2D544B} = {2E0C3899-2C24-49AB-B24A-23EB77F183B3}
		{4D2024D2-DE38-4F94-9631-28822F2C836A} = {2E0C3899-2C24-49AB-B24A-23EB77F183B3}
		{F6357EDD-55E5-4857-A48B-7DA07E3062D0} = {2E0C3899-2C24-49AB-B24A-23EB77F183B3}
		{A7364AC8-A59C-4207-B021-D3E547CD57BF} = {2E0C3899-2C24-49AB-B24A-23EB77F183B3}
	EndGlobalSection
	GlobalSection(ExtensibilityGlobals) = postSolution
		SolutionGuid = {E2DB1F67-5A2F-4A30-A9D3-5C5FF2B33085}
	EndGlobalSection
EndGlobal
